
Microsoft Visual Studio Solution File, Format Version 12.00
# Visual Studio Version 16
VisualStudioVersion = 16.0.30709.64
MinimumVisualStudioVersion = 10.0.40219.1
Project("{8BC9CEB8-8B4A-11D0-8D11-00A0C91BC942}") = "ALL_BUILD", "ALL_BUILD.vcxproj", "{DF1F13A0-B226-3FDF-9E3C-66FF4CAC7E04}"
	ProjectSection(ProjectDependencies) = postProject
		{B8B08B4B-42CD-349D-AA29-F686F1A35F89} = {B8B08B4B-42CD-349D-AA29-F686F1A35F89}
		{EDF22532-5849-30C8-AB55-DD48897B755B} = {EDF22532-5849-30C8-AB55-DD48897B755B}
		{81C0482E-2387-3D15-AF9C-E115948C12F2} = {81C0482E-2387-3D15-AF9C-E115948C12F2}
	EndProjectSection
EndProject
Project("{8BC9CEB8-8B4A-11D0-8D11-00A0C91BC942}") = "INSTALL", "INSTALL.vcxproj", "{C874D1FF-6D6B-3B13-BDBD-C667E74629B9}"
	ProjectSection(ProjectDependencies) = postProject
		{DF1F13A0-B226-3FDF-9E3C-66FF4CAC7E04} = {DF1F13A0-B226-3FDF-9E3C-66FF4CAC7E04}
		{B8B08B4B-42CD-349D-AA29-F686F1A35F89} = {B8B08B4B-42CD-349D-AA29-F686F1A35F89}
	EndProjectSection
EndProject
Project("{8BC9CEB8-8B4A-11D0-8D11-00A0C91BC942}") = "ZERO_CHECK", "ZERO_CHECK.vcxproj", "{B8B08B4B-42CD-349D-AA29-F686F1A35F89}"
EndProject
Project("{8BC9CEB8-8B4A-11D0-8D11-00A0C91BC942}") = "chipmunk", "src\chipmunk.vcxproj", "{EDF22532-5849-30C8-AB55-DD48897B755B}"
	ProjectSection(ProjectDependencies) = postProject
		{B8B08B4B-42CD-349D-AA29-F686F1A35F89} = {B8B08B4B-42CD-349D-AA29-F686F1A35F89}
	EndProjectSection
EndProject
Project("{8BC9CEB8-8B4A-11D0-8D11-00A0C91BC942}") = "chipmunk_static", "src\chipmunk_static.vcxproj", "{81C0482E-2387-3D15-AF9C-E115948C12F2}"
	ProjectSection(ProjectDependencies) = postProject
		{B8B08B4B-42CD-349D-AA29-F686F1A35F89} = {B8B08B4B-42CD-349D-AA29-F686F1A35F89}
	EndProjectSection
EndProject
Global
	GlobalSection(SolutionConfigurationPlatforms) = preSolution
		Debug|x64 = Debug|x64
		MinSizeRel|x64 = MinSizeRel|x64
		Release|x64 = Release|x64
		RelWithDebInfo|x64 = RelWithDebInfo|x64
	EndGlobalSection
	GlobalSection(ProjectConfigurationPlatforms) = postSolution
		{DF1F13A0-B226-3FDF-9E3C-66FF4CAC7E04}.Debug|x64.ActiveCfg = Debug|x64
		{DF1F13A0-B226-3FDF-9E3C-66FF4CAC7E04}.Debug|x64.Build.0 = Debug|x64
		{DF1F13A0-B226-3FDF-9E3C-66FF4CAC7E04}.MinSizeRel|x64.ActiveCfg = MinSizeRel|x64
		{DF1F13A0-B226-3FDF-9E3C-66FF4CAC7E04}.MinSizeRel|x64.Build.0 = MinSizeRel|x64
		{DF1F13A0-B226-3FDF-9E3C-66FF4CAC7E04}.Release|x64.ActiveCfg = Release|x64
		{DF1F13A0-B226-3FDF-9E3C-66FF4CAC7E04}.Release|x64.Build.0 = Release|x64
		{DF1F13A0-B226-3FDF-9E3C-66FF4CAC7E04}.RelWithDebInfo|x64.ActiveCfg = RelWithDebInfo|x64
		{DF1F13A0-B226-3FDF-9E3C-66FF4CAC7E04}.RelWithDebInfo|x64.Build.0 = RelWithDebInfo|x64
		{C874D1FF-6D6B-3B13-BDBD-C667E74629B9}.Debug|x64.ActiveCfg = Debug|x64
		{C874D1FF-6D6B-3B13-BDBD-C667E74629B9}.MinSizeRel|x64.ActiveCfg = MinSizeRel|x64
		{C874D1FF-6D6B-3B13-BDBD-C667E74629B9}.Release|x64.ActiveCfg = Release|x64
		{C874D1FF-6D6B-3B13-BDBD-C667E74629B9}.RelWithDebInfo|x64.ActiveCfg = RelWithDebInfo|x64
		{B8B08B4B-42CD-349D-AA29-F686F1A35F89}.Debug|x64.ActiveCfg = Debug|x64
		{B8B08B4B-42CD-349D-AA29-F686F1A35F89}.Debug|x64.Build.0 = Debug|x64
		{B8B08B4B-42CD-349D-AA29-F686F1A35F89}.MinSizeRel|x64.ActiveCfg = MinSizeRel|x64
		{B8B08B4B-42CD-349D-AA29-F686F1A35F89}.MinSizeRel|x64.Build.0 = MinSizeRel|x64
		{B8B08B4B-42CD-349D-AA29-F686F1A35F89}.Release|x64.ActiveCfg = Release|x64
		{B8B08B4B-42CD-349D-AA29-F686F1A35F89}.Release|x64.Build.0 = Release|x64
		{B8B08B4B-42CD-349D-AA29-F686F1A35F89}.RelWithDebInfo|x64.ActiveCfg = RelWithDebInfo|x64
		{B8B08B4B-42CD-349D-AA29-F686F1A35F89}.RelWithDebInfo|x64.Build.0 = RelWithDebInfo|x64
		{EDF22532-5849-30C8-AB55-DD48897B755B}.Debug|x64.ActiveCfg = Debug|x64
		{EDF22532-5849-30C8-AB55-DD48897B755B}.Debug|x64.Build.0 = Debug|x64
		{EDF22532-5849-30C8-AB55-DD48897B755B}.MinSizeRel|x64.ActiveCfg = MinSizeRel|x64
		{EDF22532-5849-30C8-AB55-DD48897B755B}.MinSizeRel|x64.Build.0 = MinSizeRel|x64
		{EDF22532-5849-30C8-AB55-DD48897B755B}.Release|x64.ActiveCfg = Release|x64
		{EDF22532-5849-30C8-AB55-DD48897B755B}.Release|x64.Build.0 = Release|x64
		{EDF22532-5849-30C8-AB55-DD48897B755B}.RelWithDebInfo|x64.ActiveCfg = RelWithDebInfo|x64
		{EDF22532-5849-30C8-AB55-DD48897B755B}.RelWithDebInfo|x64.Build.0 = RelWithDebInfo|x64
		{81C0482E-2387-3D15-AF9C-E115948C12F2}.Debug|x64.ActiveCfg = Debug|x64
		{81C0482E-2387-3D15-AF9C-E115948C12F2}.Debug|x64.Build.0 = Debug|x64
		{81C0482E-2387-3D15-AF9C-E115948C12F2}.MinSizeRel|x64.ActiveCfg = MinSizeRel|x64
		{81C0482E-2387-3D15-AF9C-E115948C12F2}.MinSizeRel|x64.Build.0 = MinSizeRel|x64
		{81C0482E-2387-3D15-AF9C-E115948C12F2}.Release|x64.ActiveCfg = Release|x64
		{81C0482E-2387-3D15-AF9C-E115948C12F2}.Release|x64.Build.0 = Release|x64
		{81C0482E-2387-3D15-AF9C-E115948C12F2}.RelWithDebInfo|x64.ActiveCfg = RelWithDebInfo|x64
		{81C0482E-2387-3D15-AF9C-E115948C12F2}.RelWithDebInfo|x64.Build.0 = RelWithDebInfo|x64
	EndGlobalSection
	GlobalSection(SolutionProperties) = preSolution
		HideSolutionNode = FALSE
	EndGlobalSection
	GlobalSection(ExtensibilityGlobals) = postSolution
		SolutionGuid = {1E438065-7EFD-3651-B447-5C985980ED1E}
	EndGlobalSection
EndGlobal
